
Microsoft Visual Studio Solution File, Format Version 12.00
# Visual Studio Version 17
VisualStudioVersion = 17.0.31903.59
MinimumVisualStudioVersion = 10.0.40219.1
Project("{2150E333-8FDC-42A3-9474-1A3956D46DE8}") = "src", "src", "{827E0CD3-B72D-47B6-A68D-7590B98EB39B}"
EndProject
Project("{FAE04EC0-301F-11D3-BF4B-00C04F79EFBC}") = "App", "src\App\App.csproj", "{BDC6EC05-8358-402D-AB52-DE74638B4BD7}"
EndProject
Project("{2150E333-8FDC-42A3-9474-1A3956D46DE8}") = "tests", "tests", "{0AB3BF05-4346-4AA6-1389-037BE0695223}"
EndProject
Project("{FAE04EC0-301F-11D3-BF4B-00C04F79EFBC}") = "App.Tests", "tests\App.Tests\App.Tests.csproj", "{EE19220A-DE85-4F78-877B-6E10771CB7D7}"
EndProject
Global
	GlobalSection(SolutionConfigurationPlatforms) = preSolution
		Debug|Any CPU = Debug|Any CPU
		Debug|x64 = Debug|x64
		Debug|x86 = Debug|x86
		Release|Any CPU = Release|Any CPU
		Release|x64 = Release|x64
		Release|x86 = Release|x86
	EndGlobalSection
	GlobalSection(ProjectConfigurationPlatforms) = postSolution
		{BDC6EC05-8358-402D-AB52-DE74638B4BD7}.Debug|Any CPU.ActiveCfg = Debug|Any CPU
		{BDC6EC05-8358-402D-AB52-DE74638B4BD7}.Debug|Any CPU.Build.0 = Debug|Any CPU
		{BDC6EC05-8358-402D-AB52-DE74638B4BD7}.Debug|x64.ActiveCfg = Debug|Any CPU
		{BDC6EC05-8358-402D-AB52-DE74638B4BD7}.Debug|x64.Build.0 = Debug|Any CPU
		{BDC6EC05-8358-402D-AB52-DE74638B4BD7}.Debug|x86.ActiveCfg = Debug|Any CPU
		{BDC6EC05-8358-402D-AB52-DE74638B4BD7}.Debug|x86.Build.0 = Debug|Any CPU
		{BDC6EC05-8358-402D-AB52-DE74638B4BD7}.Release|Any CPU.ActiveCfg = Release|Any CPU
		{BDC6EC05-8358-402D-AB52-DE74638B4BD7}.Release|Any CPU.Build.0 = Release|Any CPU
		{BDC6EC05-8358-402D-AB52-DE74638B4BD7}.Release|x64.ActiveCfg = Release|Any CPU
		{BDC6EC05-8358-402D-AB52-DE74638B4BD7}.Release|x64.Build.0 = Release|Any CPU
		{BDC6EC05-8358-402D-AB52-DE74638B4BD7}.Release|x86.ActiveCfg = Release|Any CPU
		{BDC6EC05-8358-402D-AB52-DE74638B4BD7}.Release|x86.Build.0 = Release|Any CPU
		{EE19220A-DE85-4F78-877B-6E10771CB7D7}.Debug|Any CPU.ActiveCfg = Debug|Any CPU
		{EE19220A-DE85-4F78-877B-6E10771CB7D7}.Debug|Any CPU.Build.0 = Debug|Any CPU
		{EE19220A-DE85-4F78-877B-6E10771CB7D7}.Debug|x64.ActiveCfg = Debug|Any CPU
		{EE19220A-DE85-4F78-877B-6E10771CB7D7}.Debug|x64.Build.0 = Debug|Any CPU
		{EE19220A-DE85-4F78-877B-6E10771CB7D7}.Debug|x86.ActiveCfg = Debug|Any CPU
		{EE19220A-DE85-4F78-877B-6E10771CB7D7}.Debug|x86.Build.0 = Debug|Any CPU
		{EE19220A-DE85-4F78-877B-6E10771CB7D7}.Release|Any CPU.ActiveCfg = Release|Any CPU
		{EE19220A-DE85-4F78-877B-6E10771CB7D7}.Release|Any CPU.Build.0 = Release|Any CPU
		{EE19220A-DE85-4F78-877B-6E10771CB7D7}.Release|x64.ActiveCfg = Release|Any CPU
		{EE19220A-DE85-4F78-877B-6E10771CB7D7}.Release|x64.Build.0 = Release|Any CPU
		{EE19220A-DE85-4F78-877B-6E10771CB7D7}.Release|x86.ActiveCfg = Release|Any CPU
		{EE19220A-DE85-4F78-877B-6E10771CB7D7}.Release|x86.Build.0 = Release|Any CPU
	EndGlobalSection
	GlobalSection(SolutionProperties) = preSolution
		HideSolutionNode = FALSE
	EndGlobalSection
	GlobalSection(NestedProjects) = preSolution
		{BDC6EC05-8358-402D-AB52-DE74638B4BD7} = {827E0CD3-B72D-47B6-A68D-7590B98EB39B}
		{EE19220A-DE85-4F78-877B-6E10771CB7D7} = {0AB3BF05-4346-4AA6-1389-037BE0695223}
	EndGlobalSection
EndGlobal
